<?xml version="1.0" encoding="utf-8"?>
<Project ToolsVersion="4.0" xmlns="http://schemas.microsoft.com/developer/msbuild/2003">
  <ItemGroup>
    <Filter Include="Source Files">
      <UniqueIdentifier>{4FC737F1-C7A5-4376-A066-2A32D752A2FF}</UniqueIdentifier>
      <Extensions>cpp;c;cc;cxx;def;odl;idl;hpj;bat;asm;asmx</Extensions>
    </Filter>
    <Filter Include="Header Files">
      <UniqueIdentifier>{93995380-89BD-4b04-88EB-625FBE52EBFB}</UniqueIdentifier>
      <Extensions>h;hh;hpp;hxx;hm;inl;inc;ipp;xsd</Extensions>
    </Filter>
    <Filter Include="Resource Files">
      <UniqueIdentifier>{67DA6AB6-F800-4c08-8B7A-83BB121AAD01}</UniqueIdentifier>
      <Extensions>rc;ico;cur;bmp;dlg;rc2;rct;bin;rgs;gif;jpg;jpeg;jpe;resx;tiff;tif;png;wav;mfcribbon-ms</Extensions>
    </Filter>
    <Filter Include="XML">
      <UniqueIdentifier>{9db87cee-5a48-4f6a-ab9a-c75e6aee6248}</UniqueIdentifier>
    </Filter>
    <Filter Include="JSON">
      <UniqueIdentifier>{d2643624-4799-449c-924b-aeb765659d16}</UniqueIdentifier>
    </Filter>
  </ItemGroup>
  <ItemGroup>
    <ClInclude Include="IComposite.hpp">
      <Filter>Header Files</Filter>
    </ClInclude>
    <ClInclude Include="IBuilder.hpp">
      <Filter>Header Files</Filter>
    </ClInclude>
    <ClInclude Include="IDirector.hpp">
      <Filter>Header Files</Filter>
    </ClInclude>
    <ClInclude Include="Director.hpp">
      <Filter>Header Files</Filter>
    </ClInclude>
    <ClInclude Include="UserConsole.hpp">
      <Filter>Header Files</Filter>
    </ClInclude>
    <ClInclude Include="XMLBuilder.hpp">
      <Filter>XML</Filter>
    </ClInclude>
    <ClInclude Include="XMLComponent.hpp">
      <Filter>XML</Filter>
    </ClInclude>
    <ClInclude Include="XMLLeaf.hpp">
      <Filter>XML</Filter>
    </ClInclude>
  </ItemGroup>
  <ItemGroup>
    <ClCompile Include="Director.cpp">
      <Filter>Source Files</Filter>
    </ClCompile>
    <ClCompile Include="UserConsole.cpp">
      <Filter>Source Files</Filter>
    </ClCompile>
    <ClCompile Include="XMLBuilder.cpp">
      <Filter>XML</Filter>
    </ClCompile>
    <ClCompile Include="XMLLeaf.cpp">
      <Filter>XML</Filter>
    </ClCompile>
    <ClCompile Include="XMLComponent.cpp">
      <Filter>XML</Filter>
    </ClCompile>
  </ItemGroup>
</Project>